Microsoft Visual Studio Solution File, Format Version 12.00
# Visual Studio Version 16
VisualStudioVersion = 16.0.29519.87
MinimumVisualStudioVersion = 10.0.40219.1
Project("{9A19103F-16F7-4668-BE54-9A1E7A4F7556}") = "ServerProgram", "ServerProgram\ServerProgram.csproj", "{68CCD6AC-F845-4C7B-A07C-00D29DF87F59}"
	ProjectSection(ProjectDependencies) = postProject
		{CEBBBDBD-AF78-48BA-B3BF-DA3A3405AED8} = {CEBBBDBD-AF78-48BA-B3BF-DA3A3405AED8}
		{757491D4-A7F2-4FBB-AC9F-321490CC516C} = {757491D4-A7F2-4FBB-AC9F-321490CC516C}
	EndProjectSection
EndProject
Project("{9A19103F-16F7-4668-BE54-9A1E7A4F7556}") = "ClientProgram", "ClientProgram\ClientProgram.csproj", "{757491D4-A7F2-4FBB-AC9F-321490CC516C}"
	ProjectSection(ProjectDependencies) = postProject
		{CEBBBDBD-AF78-48BA-B3BF-DA3A3405AED8} = {CEBBBDBD-AF78-48BA-B3BF-DA3A3405AED8}
	EndProjectSection
EndProject
Project("{9A19103F-16F7-4668-BE54-9A1E7A4F7556}") = "IPCFramework", "IPCFramework\IPCFramework.csproj", "{CEBBBDBD-AF78-48BA-B3BF-DA3A3405AED8}"
EndProject
Project("{2150E333-8FDC-42A3-9474-1A3956D46DE8}") = "SolutionFolder", "SolutionFolder", "{B00989F8-AC83-43F1-83AE-D3895F6BCCB6}"
ProjectSection(SolutionItems) = preProject
	.editorconfig = .editorconfig
	.gitignore = .gitignore
	CHANGELOG.md = CHANGELOG.md
	GitVersion.yml = GitVersion.yml
	README.md = README.md
EndProjectSection
EndProject
Global
	GlobalSection(SolutionConfigurationPlatforms) = preSolution
		Debug|Any CPU = Debug|Any CPU
		Debug|x86 = Debug|x86
		Release|Any CPU = Release|Any CPU
		Release|x86 = Release|x86
	EndGlobalSection
	GlobalSection(ProjectConfigurationPlatforms) = postSolution
		{68CCD6AC-F845-4C7B-A07C-00D29DF87F59}.Debug|Any CPU.ActiveCfg = Debug|Any CPU
		{68CCD6AC-F845-4C7B-A07C-00D29DF87F59}.Debug|Any CPU.Build.0 = Debug|Any CPU
		{68CCD6AC-F845-4C7B-A07C-00D29DF87F59}.Debug|x86.ActiveCfg = Debug|Any CPU
		{68CCD6AC-F845-4C7B-A07C-00D29DF87F59}.Debug|x86.Build.0 = Debug|Any CPU
		{68CCD6AC-F845-4C7B-A07C-00D29DF87F59}.Release|Any CPU.ActiveCfg = Release|Any CPU
		{68CCD6AC-F845-4C7B-A07C-00D29DF87F59}.Release|Any CPU.Build.0 = Release|Any CPU
		{68CCD6AC-F845-4C7B-A07C-00D29DF87F59}.Release|x86.ActiveCfg = Release|Any CPU
		{68CCD6AC-F845-4C7B-A07C-00D29DF87F59}.Release|x86.Build.0 = Release|Any CPU
		{757491D4-A7F2-4FBB-AC9F-321490CC516C}.Debug|Any CPU.ActiveCfg = Debug|Any CPU
		{757491D4-A7F2-4FBB-AC9F-321490CC516C}.Debug|Any CPU.Build.0 = Debug|Any CPU
		{757491D4-A7F2-4FBB-AC9F-321490CC516C}.Debug|x86.ActiveCfg = Debug|Any CPU
		{757491D4-A7F2-4FBB-AC9F-321490CC516C}.Debug|x86.Build.0 = Debug|Any CPU
		{757491D4-A7F2-4FBB-AC9F-321490CC516C}.Release|Any CPU.ActiveCfg = Release|Any CPU
		{757491D4-A7F2-4FBB-AC9F-321490CC516C}.Release|Any CPU.Build.0 = Release|Any CPU
		{757491D4-A7F2-4FBB-AC9F-321490CC516C}.Release|x86.ActiveCfg = Release|Any CPU
		{757491D4-A7F2-4FBB-AC9F-321490CC516C}.Release|x86.Build.0 = Release|Any CPU
		{CEBBBDBD-AF78-48BA-B3BF-DA3A3405AED8}.Debug|Any CPU.ActiveCfg = Debug|Any CPU
		{CEBBBDBD-AF78-48BA-B3BF-DA3A3405AED8}.Debug|Any CPU.Build.0 = Debug|Any CPU
		{CEBBBDBD-AF78-48BA-B3BF-DA3A3405AED8}.Debug|x86.ActiveCfg = Debug|Any CPU
		{CEBBBDBD-AF78-48BA-B3BF-DA3A3405AED8}.Debug|x86.Build.0 = Debug|Any CPU
		{CEBBBDBD-AF78-48BA-B3BF-DA3A3405AED8}.Release|Any CPU.ActiveCfg = Release|Any CPU
		{CEBBBDBD-AF78-48BA-B3BF-DA3A3405AED8}.Release|Any CPU.Build.0 = Release|Any CPU
		{CEBBBDBD-AF78-48BA-B3BF-DA3A3405AED8}.Release|x86.ActiveCfg = Release|Any CPU
		{CEBBBDBD-AF78-48BA-B3BF-DA3A3405AED8}.Release|x86.Build.0 = Release|Any CPU
	EndGlobalSection
	GlobalSection(SolutionProperties) = preSolution
		HideSolutionNode = FALSE
	EndGlobalSection
	GlobalSection(ExtensibilityGlobals) = postSolution
		SolutionGuid = {2426229B-461B-4F5D-A42F-72816C16C4FA}
	EndGlobalSection
	GlobalSection(MonoDevelopProperties) = preSolution
		StartupItem = ServerProgram\ServerProgram.csproj
	EndGlobalSection
EndGlobal
